
Microsoft Visual Studio Solution File, Format Version 12.00
# Visual Studio 2012
Project("{FAE04EC0-301F-11D3-BF4B-00C04F79EFBC}") = "Ozil Cafe", "Ozil Cafe\Ozil Cafe.csproj", "{7915A3EF-C78A-4CB3-8ED4-5C0CADC01107}"
EndProject
Global
	GlobalSection(SolutionConfigurationPlatforms) = preSolution
		Debug|Any CPU = Debug|Any CPU
		Release|Any CPU = Release|Any CPU
	EndGlobalSection
	GlobalSection(ProjectConfigurationPlatforms) = postSolution
		{7915A3EF-C78A-4CB3-8ED4-5C0CADC01107}.Debug|Any CPU.ActiveCfg = Debug|Any CPU
		{7915A3EF-C78A-4CB3-8ED4-5C0CADC01107}.Debug|Any CPU.Build.0 = Debug|Any CPU
		{7915A3EF-C78A-4CB3-8ED4-5C0CADC01107}.Release|Any CPU.ActiveCfg = Release|Any CPU
		{7915A3EF-C78A-4CB3-8ED4-5C0CADC01107}.Release|Any CPU.Build.0 = Release|Any CPU
	EndGlobalSection
	GlobalSection(SolutionProperties) = preSolution
		HideSolutionNode = FALSE
	EndGlobalSection
	GlobalSection(ExtensibilityGlobals) = postSolution
		VSStyle = OSX (iTunes).vssf
		VSTargetControls = FormsAndControls
		VSToolStripStyle = Mixed
		VSTextShadow = True
		VSSkinFlatStyles = True
		VSSkinToggleButtons = True
		VSUseSystemFonts = False
	EndGlobalSection
EndGlobal
